
Microsoft Visual Studio Solution File, Format Version 12.00
# Visual Studio Version 17
VisualStudioVersion = 17.3.32804.467
MinimumVisualStudioVersion = 10.0.40219.1
Project("{FAE04EC0-301F-11D3-BF4B-00C04F79EFBC}") = "Participant.API", "Participant.API\Participant.API.csproj", "{9EFD8538-F180-4218-8695-0B2AD1D158B7}"
EndProject
Project("{2150E333-8FDC-42A3-9474-1A3956D46DE8}") = "Solution Items", "Solution Items", "{C527CBAB-5AE3-4651-922C-FAE4BD117927}"
	ProjectSection(SolutionItems) = preProject
		.gitignore = .gitignore
	EndProjectSection
EndProject
Project("{FAE04EC0-301F-11D3-BF4B-00C04F79EFBC}") = "Participant.Application", "Participant.Application\Participant.Application.csproj", "{8C71B04F-73CB-4A9B-922A-0BC4BFE3A378}"
EndProject
Project("{FAE04EC0-301F-11D3-BF4B-00C04F79EFBC}") = "Participant.Domain", "Participant.Domain\Participant.Domain.csproj", "{33491555-3347-4829-A4C2-8255386EA3D9}"
EndProject
Project("{FAE04EC0-301F-11D3-BF4B-00C04F79EFBC}") = "Participant.Infrastructure", "Participant.Infrastructure\Participant.Infrastructure.csproj", "{87D6B8B3-C386-4928-9699-1359B81A54EB}"
EndProject
Project("{2150E333-8FDC-42A3-9474-1A3956D46DE8}") = "Shared Services", "Shared Services", "{A01E113A-E03D-45E7-BFE8-ADA92B1E496C}"
EndProject
Project("{FAE04EC0-301F-11D3-BF4B-00C04F79EFBC}") = "Logging", "Logging\Logging.csproj", "{41BB2920-E7E2-4BF1-B117-9E0B86C53A80}"
EndProject
Global
	GlobalSection(SolutionConfigurationPlatforms) = preSolution
		Debug|Any CPU = Debug|Any CPU
		Release|Any CPU = Release|Any CPU
	EndGlobalSection
	GlobalSection(ProjectConfigurationPlatforms) = postSolution
		{9EFD8538-F180-4218-8695-0B2AD1D158B7}.Debug|Any CPU.ActiveCfg = Debug|Any CPU
		{9EFD8538-F180-4218-8695-0B2AD1D158B7}.Debug|Any CPU.Build.0 = Debug|Any CPU
		{9EFD8538-F180-4218-8695-0B2AD1D158B7}.Release|Any CPU.ActiveCfg = Release|Any CPU
		{9EFD8538-F180-4218-8695-0B2AD1D158B7}.Release|Any CPU.Build.0 = Release|Any CPU
		{8C71B04F-73CB-4A9B-922A-0BC4BFE3A378}.Debug|Any CPU.ActiveCfg = Debug|Any CPU
		{8C71B04F-73CB-4A9B-922A-0BC4BFE3A378}.Debug|Any CPU.Build.0 = Debug|Any CPU
		{8C71B04F-73CB-4A9B-922A-0BC4BFE3A378}.Release|Any CPU.ActiveCfg = Release|Any CPU
		{8C71B04F-73CB-4A9B-922A-0BC4BFE3A378}.Release|Any CPU.Build.0 = Release|Any CPU
		{33491555-3347-4829-A4C2-8255386EA3D9}.Debug|Any CPU.ActiveCfg = Debug|Any CPU
		{33491555-3347-4829-A4C2-8255386EA3D9}.Debug|Any CPU.Build.0 = Debug|Any CPU
		{33491555-3347-4829-A4C2-8255386EA3D9}.Release|Any CPU.ActiveCfg = Release|Any CPU
		{33491555-3347-4829-A4C2-8255386EA3D9}.Release|Any CPU.Build.0 = Release|Any CPU
		{87D6B8B3-C386-4928-9699-1359B81A54EB}.Debug|Any CPU.ActiveCfg = Debug|Any CPU
		{87D6B8B3-C386-4928-9699-1359B81A54EB}.Debug|Any CPU.Build.0 = Debug|Any CPU
		{87D6B8B3-C386-4928-9699-1359B81A54EB}.Release|Any CPU.ActiveCfg = Release|Any CPU
		{87D6B8B3-C386-4928-9699-1359B81A54EB}.Release|Any CPU.Build.0 = Release|Any CPU
		{41BB2920-E7E2-4BF1-B117-9E0B86C53A80}.Debug|Any CPU.ActiveCfg = Debug|Any CPU
		{41BB2920-E7E2-4BF1-B117-9E0B86C53A80}.Debug|Any CPU.Build.0 = Debug|Any CPU
		{41BB2920-E7E2-4BF1-B117-9E0B86C53A80}.Release|Any CPU.ActiveCfg = Release|Any CPU
		{41BB2920-E7E2-4BF1-B117-9E0B86C53A80}.Release|Any CPU.Build.0 = Release|Any CPU
	EndGlobalSection
	GlobalSection(SolutionProperties) = preSolution
		HideSolutionNode = FALSE
	EndGlobalSection
	GlobalSection(NestedProjects) = preSolution
		{41BB2920-E7E2-4BF1-B117-9E0B86C53A80} = {A01E113A-E03D-45E7-BFE8-ADA92B1E496C}
	EndGlobalSection
	GlobalSection(ExtensibilityGlobals) = postSolution
		SolutionGuid = {7DF1D10E-F1AA-47EB-A426-0CEB6880B0C1}
	EndGlobalSection
EndGlobal
